
Microsoft Visual Studio Solution File, Format Version 12.00
# Visual Studio Version 16
VisualStudioVersion = 16.0.31911.196
MinimumVisualStudioVersion = 10.0.40219.1
Project("{FAE04EC0-301F-11D3-BF4B-00C04F79EFBC}") = "4.2 - two-dimensional arrays", "4.2 - two-dimensional arrays\4.2 - two-dimensional arrays.csproj", "{00D32A9A-4C9A-46DD-8612-57D318C92FCF}"
EndProject
Global
	GlobalSection(SolutionConfigurationPlatforms) = preSolution
		Debug|Any CPU = Debug|Any CPU
		Release|Any CPU = Release|Any CPU
	EndGlobalSection
	GlobalSection(ProjectConfigurationPlatforms) = postSolution
		{00D32A9A-4C9A-46DD-8612-57D318C92FCF}.Debug|Any CPU.ActiveCfg = Debug|Any CPU
		{00D32A9A-4C9A-46DD-8612-57D318C92FCF}.Debug|Any CPU.Build.0 = Debug|Any CPU
		{00D32A9A-4C9A-46DD-8612-57D318C92FCF}.Release|Any CPU.ActiveCfg = Release|Any CPU
		{00D32A9A-4C9A-46DD-8612-57D318C92FCF}.Release|Any CPU.Build.0 = Release|Any CPU
	EndGlobalSection
	GlobalSection(SolutionProperties) = preSolution
		HideSolutionNode = FALSE
	EndGlobalSection
	GlobalSection(ExtensibilityGlobals) = postSolution
		SolutionGuid = {58A46638-BAC2-479C-83E2-6FAC8F22B254}
	EndGlobalSection
EndGlobal
